{
  "version": 4,
  "terraform_version": "0.13.4",
  "serial": 3,
  "lineage": "32d0d51b-e4f6-16e5-5572-b3a1d4d68e43",
  "outputs": {},
  "resources": [
    {
      "mode": "managed",
      "type": "scaleway_instance_ip",
      "name": "public_ip",
      "provider": "provider[\"registry.terraform.io/scaleway/scaleway\"]",
      "instances": [
        {
          "schema_version": 0,
          "attributes": {
            "address": "51.15.236.246",
            "id": "fr-par-1/b68688d4-4e34-421e-a727-b7a928180e96",
            "organization_id": "90ff2979-ca09-4639-8312-05b816a19fe7",
            "reverse": "",
            "server_id": null,
            "zone": "fr-par-1"
          },
          "private": "bnVsbA=="
        }
      ]
    },
    {
      "mode": "managed",
      "type": "scaleway_instance_server",
      "name": "my-ubuntu-instance",
      "provider": "provider[\"registry.terraform.io/scaleway/scaleway\"]",
      "instances": [
        {
          "schema_version": 0,
          "attributes": {
            "additional_volume_ids": null,
            "boot_type": "local",
            "cloud_init": null,
            "disable_dynamic_ip": false,
            "disable_public_ip": false,
            "enable_dynamic_ip": false,
            "enable_ipv6": false,
            "id": "fr-par-1/69efd7ab-0fb2-43e1-a494-ecb2ff4199eb",
            "image": "ubuntu-focal",
            "ip_id": "fr-par-1/b68688d4-4e34-421e-a727-b7a928180e96",
            "ipv6_address": "",
            "ipv6_gateway": "",
            "ipv6_prefix_length": 0,
            "name": "tf-srv-jolly-moser",
            "organization_id": null,
            "placement_group_id": null,
            "placement_group_policy_respected": null,
            "private_ip": "10.68.198.109",
            "public_ip": "51.15.236.246",
            "root_volume": [
              {
                "delete_on_termination": true,
                "size_in_gb": 20,
                "volume_id": "fr-par-1/40c7a18f-9d97-48a2-b0e0-062cf6404530"
              }
            ],
            "security_group_id": "fr-par-1/075a99b3-cd92-4333-af72-cbbe9f2aa0dd",
            "state": "started",
            "tags": null,
            "type": "DEV1-S",
            "user_data": [],
            "zone": "fr-par-1"
          },
          "private": "bnVsbA==",
          "dependencies": [
            "scaleway_instance_ip.public_ip"
          ]
        }
      ]
    }
  ]
}
